SITE
  remote: http://community.opscode.com/api/v1
  specs:
    apache2 (1.1.12)
    apt (1.4.4)
    build-essential (1.1.0)
    chef_handler (1.0.6)
    dmg (1.0.0)
    git (1.0.0)
      dmg (>= 0.0.0)
      runit (>= 0.0.0)
      yum (>= 0.0.0)
    memcached (1.0.2)
      runit (>= 0.0.0)
    mysql (1.2.6)
      openssl (>= 0.0.0)
      windows (>= 0.0.0)
    openssl (1.0.0)
    postfix (1.2.0)
    runit (0.15.0)
    varnish (0.9.2)
    vim (1.0.2)
    windows (1.3.2)
      chef_handler (>= 0.0.0)
    xml (1.0.4)
    yum (0.6.2)

GIT
  remote: git://github.com/myplanetdigital/chef-xhprof.git
  ref: GH-msonnabaum-2
  sha: d8e27610b46b6e28d4fa1d0c118dc50f21de0bbe
  specs:
    xhprof (0.9.0)
      php (>= 0.0.0)

GIT
  remote: https://github.com/msonnabaum/chef-percona.git
  ref: master
  sha: 330d9133d8c1861003742ad3464f29ea4390289f
  specs:
    percona (1.2.2)
      openssl (>= 0.0.0)

GIT
  remote: https://github.com/myplanetdigital/chef-php.git
  ref: develop
  sha: bacd6e482b1385e03381478a5e57a0a588483a25
  specs:
    php (1.0.2)
      build-essential (>= 0.0.0)
      mysql (>= 0.0.0)
      xml (>= 0.0.0)

GIT
  remote: https://github.com/myplanetdigital/chef-phpcs.git
  ref: v1.0.0
  sha: 50d16ac3d41adf346387183576326105c7c46540
  specs:
    phpcs (1.0.0)
      php (>= 0.0.0)

GIT
  remote: https://github.com/myplanetdigital/chef-phpunit.git
  ref: GH-7-version-attr
  sha: 8f4f9b1a5e256b458ec3cac3ab57984c8b196a2c
  specs:
    phpunit (0.9.1)
      php (>= 0.0.0)

GIT
  remote: https://github.com/myplanetdigital/chef-xdebug.git
  ref: create-logfile
  sha: cbdad80aaa9bee642d1772e945ed7c92745a2260
  specs:
    xdebug (0.0.1)
      php (>= 0.0.0)

GIT
  remote: https://github.com/patcon/chef-drush.git
  ref: msonnabaum-GH-10
  sha: 28d9d06fa3498b681dc4187e24321b71e14df406
  specs:
    drush (0.10.0)
      php (>= 0.0.0)

DEPENDENCIES
  apache2 (>= 0)
  apt (>= 0)
  build-essential (>= 0)
  drush (>= 0)
  git (>= 0)
  memcached (>= 0)
  percona (>= 0)
  php (>= 0)
  phpcs (>= 0)
  phpunit (>= 0)
  postfix (>= 0)
  varnish (>= 0)
  vim (>= 0)
  xdebug (>= 0)
  xhprof (>= 0)

