SITE
  remote: http://community.opscode.com/api/v1
  specs:
    apache2 (1.1.12)
    apt (1.4.8)
    build-essential (1.1.0)
    dmg (1.0.0)
    git (1.0.0)
      dmg (>= 0.0.0)
      runit (>= 0.0.0)
      yum (>= 0.0.0)
    memcached (1.0.4)
      runit (>= 0.0.0)
    openssl (1.0.0)
    php (1.1.0)
      build-essential (>= 0.0.0)
      mysql (>= 0.0.0)
      xml (>= 0.0.0)
    postfix (1.2.2)
    runit (0.15.0)
    varnish (0.9.2)
    vim (1.0.2)
    xml (1.0.4)
    yum (0.8.0)

GIT
  remote: https://github.com/msonnabaum/chef-drush.git
  ref: master
  sha: ae0503ca017f923b363e727041d5aa749d45f89f
  specs:
    drush (0.10.0)
      php (>= 0.0.0)

GIT
  remote: https://github.com/msonnabaum/chef-phpunit.git
  ref: master
  sha: 8379017c52c8187a53711286df1f4560b16eea20
  specs:
    phpunit (0.9.1)
      php (>= 0.0.0)

GIT
  remote: https://github.com/myplanetdigital/chef-bash.git
  ref: feature/bash_profile-resource
  sha: c3fb4df4d4692ccbc27ec1df365a057a81f387ab
  specs:
    bash (0.0.0)

GIT
  remote: https://github.com/myplanetdigital/chef-mysql.git
  ref: COOK-1610-bypass-preseed
  sha: 0aba6d8ee6bc6d92406a9f66584bd0fc8dcabb4e
  specs:
    mysql (1.3.0)
      build-essential (>= 0.0.0)
      openssl (>= 0.0.0)

GIT
  remote: https://github.com/myplanetdigital/chef-percona.git
  ref: master
  sha: d2839b8cd2d5c8ba039705f70d0d14e6a16d3fd1
  specs:
    percona (0.0.1)
      mysql (>= 1.3.0)

GIT
  remote: https://github.com/myplanetdigital/chef-phpcs.git
  ref: master
  sha: d222847865abb4bbc40b217116433ed6419924f1
  specs:
    phpcs (1.0.0)
      php (>= 0.0.0)

GIT
  remote: https://github.com/myplanetdigital/chef-xhprof.git
  ref: GH-msonnabaum-3
  sha: 0d3690cd9e7ec1a469d30c5023130b5e2a29597d
  specs:
    xhprof (0.9.0)
      apt (>= 0.0.0)
      php (>= 0.0.0)

GIT
  remote: https://github.com/xforty/chef-xdebug.git
  ref: master
  sha: e6745e79b451f692c56e979ab641412a6b2dacb3
  specs:
    xdebug (0.0.1)
      php (>= 0.0.0)

DEPENDENCIES
  apache2 (>= 0)
  apt (>= 0)
  bash (>= 0)
  build-essential (>= 0)
  drush (>= 0)
  git (>= 0)
  memcached (>= 0)
  mysql (>= 0)
  percona (>= 0)
  php (>= 0)
  phpcs (>= 0)
  phpunit (>= 0)
  postfix (>= 0)
  varnish (>= 0)
  vim (>= 0)
  xdebug (>= 0)
  xhprof (>= 0)

